
Microsoft Visual Studio Solution File, Format Version 12.00
# Visual Studio Version 17
VisualStudioVersion = 17.7.34221.43
MinimumVisualStudioVersion = 10.0.40219.1
Project("{FAE04EC0-301F-11D3-BF4B-00C04F79EFBC}") = "TestGithub", "TestGithub\TestGithub.csproj", "{3C7B1167-DD6E-422D-B44A-9FB4A1BAB1CB}"
EndProject
Global
	GlobalSection(SolutionConfigurationPlatforms) = preSolution
		Debug|Any CPU = Debug|Any CPU
		Release|Any CPU = Release|Any CPU
	EndGlobalSection
	GlobalSection(ProjectConfigurationPlatforms) = postSolution
		{3C7B1167-DD6E-422D-B44A-9FB4A1BAB1CB}.Debug|Any CPU.ActiveCfg = Debug|Any CPU
		{3C7B1167-DD6E-422D-B44A-9FB4A1BAB1CB}.Debug|Any CPU.Build.0 = Debug|Any CPU
		{3C7B1167-DD6E-422D-B44A-9FB4A1BAB1CB}.Release|Any CPU.ActiveCfg = Release|Any CPU
		{3C7B1167-DD6E-422D-B44A-9FB4A1BAB1CB}.Release|Any CPU.Build.0 = Release|Any CPU
	EndGlobalSection
	GlobalSection(SolutionProperties) = preSolution
		HideSolutionNode = FALSE
	EndGlobalSection
	GlobalSection(ExtensibilityGlobals) = postSolution
		SolutionGuid = {BB8CEE17-7364-4FBA-9ECB-E19CB091C627}
	EndGlobalSection
EndGlobal
